// !$*UTF8*$!
{
	archiveVersion = 1;
	classes = {
	};
	objectVersion = 46;
	objects = {

/* Begin PBXBuildFile section */
		A328AD221BCE0A7E005D33CA /* MKAnnotationView+WebCache.m in Sources */ = {isa = PBXBuildFile; fileRef = A328AD021BCE0A7E005D33CA /* MKAnnotationView+WebCache.m */; settings = {ASSET_TAGS = (); }; };
		A328AD231BCE0A7E005D33CA /* NSData+ImageContentType.m in Sources */ = {isa = PBXBuildFile; fileRef = A328AD041BCE0A7E005D33CA /* NSData+ImageContentType.m */; settings = {ASSET_TAGS = (); }; };
		A328AD241BCE0A7E005D33CA /* SDImageCache.m in Sources */ = {isa = PBXBuildFile; fileRef = A328AD061BCE0A7E005D33CA /* SDImageCache.m */; settings = {ASSET_TAGS = (); }; };
		A328AD251BCE0A7E005D33CA /* SDWebImageCompat.m in Sources */ = {isa = PBXBuildFile; fileRef = A328AD081BCE0A7E005D33CA /* SDWebImageCompat.m */; settings = {ASSET_TAGS = (); }; };
		A328AD261BCE0A7E005D33CA /* SDWebImageDecoder.m in Sources */ = {isa = PBXBuildFile; fileRef = A328AD0A1BCE0A7E005D33CA /* SDWebImageDecoder.m */; settings = {ASSET_TAGS = (); }; };
		A328AD271BCE0A7E005D33CA /* SDWebImageDownloader.m in Sources */ = {isa = PBXBuildFile; fileRef = A328AD0C1BCE0A7E005D33CA /* SDWebImageDownloader.m */; settings = {ASSET_TAGS = (); }; };
		A328AD281BCE0A7E005D33CA /* SDWebImageDownloaderOperation.m in Sources */ = {isa = PBXBuildFile; fileRef = A328AD0E1BCE0A7E005D33CA /* SDWebImageDownloaderOperation.m */; settings = {ASSET_TAGS = (); }; };
		A328AD291BCE0A7E005D33CA /* SDWebImageManager.m in Sources */ = {isa = PBXBuildFile; fileRef = A328AD101BCE0A7E005D33CA /* SDWebImageManager.m */; settings = {ASSET_TAGS = (); }; };
		A328AD2A1BCE0A7E005D33CA /* SDWebImagePrefetcher.m in Sources */ = {isa = PBXBuildFile; fileRef = A328AD131BCE0A7E005D33CA /* SDWebImagePrefetcher.m */; settings = {ASSET_TAGS = (); }; };
		A328AD2B1BCE0A7E005D33CA /* UIButton+WebCache.m in Sources */ = {isa = PBXBuildFile; fileRef = A328AD151BCE0A7E005D33CA /* UIButton+WebCache.m */; settings = {ASSET_TAGS = (); }; };
		A328AD2C1BCE0A7E005D33CA /* UIImage+GIF.m in Sources */ = {isa = PBXBuildFile; fileRef = A328AD171BCE0A7E005D33CA /* UIImage+GIF.m */; settings = {ASSET_TAGS = (); }; };
		A328AD2D1BCE0A7E005D33CA /* UIImage+MultiFormat.m in Sources */ = {isa = PBXBuildFile; fileRef = A328AD191BCE0A7E005D33CA /* UIImage+MultiFormat.m */; settings = {ASSET_TAGS = (); }; };
		A328AD2E1BCE0A7E005D33CA /* UIImage+WebP.m in Sources */ = {isa = PBXBuildFile; fileRef = A328AD1B1BCE0A7E005D33CA /* UIImage+WebP.m */; settings = {ASSET_TAGS = (); }; };
		A328AD2F1BCE0A7E005D33CA /* UIImageView+HighlightedWebCache.m in Sources */ = {isa = PBXBuildFile; fileRef = A328AD1D1BCE0A7E005D33CA /* UIImageView+HighlightedWebCache.m */; settings = {ASSET_TAGS = (); }; };
		A328AD301BCE0A7E005D33CA /* UIImageView+WebCache.m in Sources */ = {isa = PBXBuildFile; fileRef = A328AD1F1BCE0A7E005D33CA /* UIImageView+WebCache.m */; settings = {ASSET_TAGS = (); }; };
		A328AD311BCE0A7E005D33CA /* UIView+WebCacheOperation.m in Sources */ = {isa = PBXBuildFile; fileRef = A328AD211BCE0A7E005D33CA /* UIView+WebCacheOperation.m */; settings = {ASSET_TAGS = (); }; };
		A328AD351BCE30FC005D33CA /* ZhihuListData.m in Sources */ = {isa = PBXBuildFile; fileRef = A328AD341BCE30FC005D33CA /* ZhihuListData.m */; settings = {ASSET_TAGS = (); }; };
		A328AD391BCE4E56005D33CA /* CNContentCenterTableViewCell.m in Sources */ = {isa = PBXBuildFile; fileRef = A328AD381BCE4E56005D33CA /* CNContentCenterTableViewCell.m */; settings = {ASSET_TAGS = (); }; };
		A371AE7A1BCCE58F0052F853 /* GGBaseData.m in Sources */ = {isa = PBXBuildFile; fileRef = A371AE561BCCE58F0052F853 /* GGBaseData.m */; settings = {ASSET_TAGS = (); }; };
		A371AE7B1BCCE58F0052F853 /* GGDataManager.m in Sources */ = {isa = PBXBuildFile; fileRef = A371AE581BCCE58F0052F853 /* GGDataManager.m */; settings = {ASSET_TAGS = (); }; };
		A371AE7C1BCCE58F0052F853 /* GGDataRequest.m in Sources */ = {isa = PBXBuildFile; fileRef = A371AE5A1BCCE58F0052F853 /* GGDataRequest.m */; settings = {ASSET_TAGS = (); }; };
		A371AE7D1BCCE58F0052F853 /* GGEngine.m in Sources */ = {isa = PBXBuildFile; fileRef = A371AE5C1BCCE58F0052F853 /* GGEngine.m */; settings = {ASSET_TAGS = (); }; };
		A371AE7E1BCCE58F0052F853 /* GGJson.m in Sources */ = {isa = PBXBuildFile; fileRef = A371AE5F1BCCE58F0052F853 /* GGJson.m */; settings = {ASSET_TAGS = (); }; };
		A371AE7F1BCCE58F0052F853 /* GGTask.m in Sources */ = {isa = PBXBuildFile; fileRef = A371AE611BCCE58F0052F853 /* GGTask.m */; settings = {ASSET_TAGS = (); }; };
		A371AE801BCCE58F0052F853 /* devfs.m in Sources */ = {isa = PBXBuildFile; fileRef = A371AE641BCCE58F0052F853 /* devfs.m */; settings = {ASSET_TAGS = (); }; };
		A371AE811BCCE58F0052F853 /* AFHTTPRequestOperation.m in Sources */ = {isa = PBXBuildFile; fileRef = A371AE681BCCE58F0052F853 /* AFHTTPRequestOperation.m */; settings = {ASSET_TAGS = (); }; };
		A371AE821BCCE58F0052F853 /* AFHTTPRequestOperationManager.m in Sources */ = {isa = PBXBuildFile; fileRef = A371AE6A1BCCE58F0052F853 /* AFHTTPRequestOperationManager.m */; settings = {ASSET_TAGS = (); }; };
		A371AE831BCCE58F0052F853 /* AFHTTPSessionManager.m in Sources */ = {isa = PBXBuildFile; fileRef = A371AE6C1BCCE58F0052F853 /* AFHTTPSessionManager.m */; settings = {ASSET_TAGS = (); }; };
		A371AE841BCCE58F0052F853 /* AFNetworkReachabilityManager.m in Sources */ = {isa = PBXBuildFile; fileRef = A371AE6F1BCCE58F0052F853 /* AFNetworkReachabilityManager.m */; settings = {ASSET_TAGS = (); }; };
		A371AE851BCCE58F0052F853 /* AFSecurityPolicy.m in Sources */ = {isa = PBXBuildFile; fileRef = A371AE711BCCE58F0052F853 /* AFSecurityPolicy.m */; settings = {ASSET_TAGS = (); }; };
		A371AE861BCCE58F0052F853 /* AFURLConnectionOperation.m in Sources */ = {isa = PBXBuildFile; fileRef = A371AE731BCCE58F0052F853 /* AFURLConnectionOperation.m */; settings = {ASSET_TAGS = (); }; };
		A371AE871BCCE58F0052F853 /* AFURLRequestSerialization.m in Sources */ = {isa = PBXBuildFile; fileRef = A371AE751BCCE58F0052F853 /* AFURLRequestSerialization.m */; settings = {ASSET_TAGS = (); }; };
		A371AE881BCCE58F0052F853 /* AFURLResponseSerialization.m in Sources */ = {isa = PBXBuildFile; fileRef = A371AE771BCCE58F0052F853 /* AFURLResponseSerialization.m */; settings = {ASSET_TAGS = (); }; };
		A371AE891BCCE58F0052F853 /* AFURLSessionManager.m in Sources */ = {isa = PBXBuildFile; fileRef = A371AE791BCCE58F0052F853 /* AFURLSessionManager.m */; settings = {ASSET_TAGS = (); }; };
		A371AE921BCCE6280052F853 /* CNHomeViewController.m in Sources */ = {isa = PBXBuildFile; fileRef = A371AE911BCCE6280052F853 /* CNHomeViewController.m */; settings = {ASSET_TAGS = (); }; };
		A371AE961BCCE7580052F853 /* CNWelcomeViewController.m in Sources */ = {isa = PBXBuildFile; fileRef = A371AE951BCCE7580052F853 /* CNWelcomeViewController.m */; settings = {ASSET_TAGS = (); }; };
		A371AE9C1BCCEDE50052F853 /* UIColor+GGColor.m in Sources */ = {isa = PBXBuildFile; fileRef = A371AE9B1BCCEDE50052F853 /* UIColor+GGColor.m */; settings = {ASSET_TAGS = (); }; };
		A371AEA01BCCF7730052F853 /* CNUserManager.m in Sources */ = {isa = PBXBuildFile; fileRef = A371AE9F1BCCF7730052F853 /* CNUserManager.m */; settings = {ASSET_TAGS = (); }; };
		A371AEA81BCD0DEA0052F853 /* JASidePanelController.m in Sources */ = {isa = PBXBuildFile; fileRef = A371AEA51BCD0DEA0052F853 /* JASidePanelController.m */; settings = {ASSET_TAGS = (); }; };
		A371AEA91BCD0DEA0052F853 /* UIViewController+JASidePanel.m in Sources */ = {isa = PBXBuildFile; fileRef = A371AEA71BCD0DEA0052F853 /* UIViewController+JASidePanel.m */; settings = {ASSET_TAGS = (); }; };
		A371AEAE1BCD11540052F853 /* CNUserCenterViewController.m in Sources */ = {isa = PBXBuildFile; fileRef = A371AEAD1BCD11540052F853 /* CNUserCenterViewController.m */; settings = {ASSET_TAGS = (); }; };
		A371AEB11BCD11620052F853 /* CNContentCenterViewController.m in Sources */ = {isa = PBXBuildFile; fileRef = A371AEB01BCD11620052F853 /* CNContentCenterViewController.m */; settings = {ASSET_TAGS = (); }; };
		A371AEB51BCD15B20052F853 /* CNHomePageCollectionViewCell.m in Sources */ = {isa = PBXBuildFile; fileRef = A371AEB41BCD15B20052F853 /* CNHomePageCollectionViewCell.m */; settings = {ASSET_TAGS = (); }; };
		A3A482DA1BCBB48300F1D3F7 /* main.m in Sources */ = {isa = PBXBuildFile; fileRef = A3A482D91BCBB48300F1D3F7 /* main.m */; };
		A3A482DD1BCBB48300F1D3F7 /* AppDelegate.m in Sources */ = {isa = PBXBuildFile; fileRef = A3A482DC1BCBB48300F1D3F7 /* AppDelegate.m */; };
		A3A482E31BCBB48300F1D3F7 /* Main.storyboard in Resources */ = {isa = PBXBuildFile; fileRef = A3A482E11BCBB48300F1D3F7 /* Main.storyboard */; };
		A3A482E51BCBB48300F1D3F7 /* Assets.xcassets in Resources */ = {isa = PBXBuildFile; fileRef = A3A482E41BCBB48300F1D3F7 /* Assets.xcassets */; };
		A3A482E81BCBB48300F1D3F7 /* LaunchScreen.storyboard in Resources */ = {isa = PBXBuildFile; fileRef = A3A482E61BCBB48300F1D3F7 /* LaunchScreen.storyboard */; };
/* End PBXBuildFile section */

/* Begin PBXFileReference section */
		A328AD011BCE0A7E005D33CA /* MKAnnotationView+WebCache.h */ = {isa = PBXFileReference; fileEncoding = 4; lastKnownFileType = sourcecode.c.h; path = "MKAnnotationView+WebCache.h"; sourceTree = "<group>"; };
		A328AD021BCE0A7E005D33CA /* MKAnnotationView+WebCache.m */ = {isa = PBXFileReference; fileEncoding = 4; lastKnownFileType = sourcecode.c.objc; path = "MKAnnotationView+WebCache.m"; sourceTree = "<group>"; };
		A328AD031BCE0A7E005D33CA /* NSData+ImageContentType.h */ = {isa = PBXFileReference; fileEncoding = 4; lastKnownFileType = sourcecode.c.h; path = "NSData+ImageContentType.h"; sourceTree = "<group>"; };
		A328AD041BCE0A7E005D33CA /* NSData+ImageContentType.m */ = {isa = PBXFileReference; fileEncoding = 4; lastKnownFileType = sourcecode.c.objc; path = "NSData+ImageContentType.m"; sourceTree = "<group>"; };
		A328AD051BCE0A7E005D33CA /* SDImageCache.h */ = {isa = PBXFileReference; fileEncoding = 4; lastKnownFileType = sourcecode.c.h; path = SDImageCache.h; sourceTree = "<group>"; };
		A328AD061BCE0A7E005D33CA /* SDImageCache.m */ = {isa = PBXFileReference; fileEncoding = 4; lastKnownFileType = sourcecode.c.objc; path = SDImageCache.m; sourceTree = "<group>"; };
		A328AD071BCE0A7E005D33CA /* SDWebImageCompat.h */ = {isa = PBXFileReference; fileEncoding = 4; lastKnownFileType = sourcecode.c.h; path = SDWebImageCompat.h; sourceTree = "<group>"; };
		A328AD081BCE0A7E005D33CA /* SDWebImageCompat.m */ = {isa = PBXFileReference; fileEncoding = 4; lastKnownFileType = sourcecode.c.objc; path = SDWebImageCompat.m; sourceTree = "<group>"; };
		A328AD091BCE0A7E005D33CA /* SDWebImageDecoder.h */ = {isa = PBXFileReference; fileEncoding = 4; lastKnownFileType = sourcecode.c.h; path = SDWebImageDecoder.h; sourceTree = "<group>"; };
		A328AD0A1BCE0A7E005D33CA /* SDWebImageDecoder.m */ = {isa = PBXFileReference; fileEncoding = 4; lastKnownFileType = sourcecode.c.objc; path = SDWebImageDecoder.m; sourceTree = "<group>"; };
		A328AD0B1BCE0A7E005D33CA /* SDWebImageDownloader.h */ = {isa = PBXFileReference; fileEncoding = 4; lastKnownFileType = sourcecode.c.h; path = SDWebImageDownloader.h; sourceTree = "<group>"; };
		A328AD0C1BCE0A7E005D33CA /* SDWebImageDownloader.m */ = {isa = PBXFileReference; fileEncoding = 4; lastKnownFileType = sourcecode.c.objc; path = SDWebImageDownloader.m; sourceTree = "<group>"; };
		A328AD0D1BCE0A7E005D33CA /* SDWebImageDownloaderOperation.h */ = {isa = PBXFileReference; fileEncoding = 4; lastKnownFileType = sourcecode.c.h; path = SDWebImageDownloaderOperation.h; sourceTree = "<group>"; };
		A328AD0E1BCE0A7E005D33CA /* SDWebImageDownloaderOperation.m */ = {isa = PBXFileReference; fileEncoding = 4; lastKnownFileType = sourcecode.c.objc; path = SDWebImageDownloaderOperation.m; sourceTree = "<group>"; };
		A328AD0F1BCE0A7E005D33CA /* SDWebImageManager.h */ = {isa = PBXFileReference; fileEncoding = 4; lastKnownFileType = sourcecode.c.h; path = SDWebImageManager.h; sourceTree = "<group>"; };
		A328AD101BCE0A7E005D33CA /* SDWebImageManager.m */ = {isa = PBXFileReference; fileEncoding = 4; lastKnownFileType = sourcecode.c.objc; path = SDWebImageManager.m; sourceTree = "<group>"; };
		A328AD111BCE0A7E005D33CA /* SDWebImageOperation.h */ = {isa = PBXFileReference; fileEncoding = 4; lastKnownFileType = sourcecode.c.h; path = SDWebImageOperation.h; sourceTree = "<group>"; };
		A328AD121BCE0A7E005D33CA /* SDWebImagePrefetcher.h */ = {isa = PBXFileReference; fileEncoding = 4; lastKnownFileType = sourcecode.c.h; path = SDWebImagePrefetcher.h; sourceTree = "<group>"; };
		A328AD131BCE0A7E005D33CA /* SDWebImagePrefetcher.m */ = {isa = PBXFileReference; fileEncoding = 4; lastKnownFileType = sourcecode.c.objc; path = SDWebImagePrefetcher.m; sourceTree = "<group>"; };
		A328AD141BCE0A7E005D33CA /* UIButton+WebCache.h */ = {isa = PBXFileReference; fileEncoding = 4; lastKnownFileType = sourcecode.c.h; path = "UIButton+WebCache.h"; sourceTree = "<group>"; };
		A328AD151BCE0A7E005D33CA /* UIButton+WebCache.m */ = {isa = PBXFileReference; fileEncoding = 4; lastKnownFileType = sourcecode.c.objc; path = "UIButton+WebCache.m"; sourceTree = "<group>"; };
		A328AD161BCE0A7E005D33CA /* UIImage+GIF.h */ = {isa = PBXFileReference; fileEncoding = 4; lastKnownFileType = sourcecode.c.h; path = "UIImage+GIF.h"; sourceTree = "<group>"; };
		A328AD171BCE0A7E005D33CA /* UIImage+GIF.m */ = {isa = PBXFileReference; fileEncoding = 4; lastKnownFileType = sourcecode.c.objc; path = "UIImage+GIF.m"; sourceTree = "<group>"; };
		A328AD181BCE0A7E005D33CA /* UIImage+MultiFormat.h */ = {isa = PBXFileReference; fileEncoding = 4; lastKnownFileType = sourcecode.c.h; path = "UIImage+MultiFormat.h"; sourceTree = "<group>"; };
		A328AD191BCE0A7E005D33CA /* UIImage+MultiFormat.m */ = {isa = PBXFileReference; fileEncoding = 4; lastKnownFileType = sourcecode.c.objc; path = "UIImage+MultiFormat.m"; sourceTree = "<group>"; };
		A328AD1A1BCE0A7E005D33CA /* UIImage+WebP.h */ = {isa = PBXFileReference; fileEncoding = 4; lastKnownFileType = sourcecode.c.h; path = "UIImage+WebP.h"; sourceTree = "<group>"; };
		A328AD1B1BCE0A7E005D33CA /* UIImage+WebP.m */ = {isa = PBXFileReference; fileEncoding = 4; lastKnownFileType = sourcecode.c.objc; path = "UIImage+WebP.m"; sourceTree = "<group>"; };
		A328AD1C1BCE0A7E005D33CA /* UIImageView+HighlightedWebCache.h */ = {isa = PBXFileReference; fileEncoding = 4; lastKnownFileType = sourcecode.c.h; path = "UIImageView+HighlightedWebCache.h"; sourceTree = "<group>"; };
		A328AD1D1BCE0A7E005D33CA /* UIImageView+HighlightedWebCache.m */ = {isa = PBXFileReference; fileEncoding = 4; lastKnownFileType = sourcecode.c.objc; path = "UIImageView+HighlightedWebCache.m"; sourceTree = "<group>"; };
		A328AD1E1BCE0A7E005D33CA /* UIImageView+WebCache.h */ = {isa = PBXFileReference; fileEncoding = 4; lastKnownFileType = sourcecode.c.h; path = "UIImageView+WebCache.h"; sourceTree = "<group>"; };
		A328AD1F1BCE0A7E005D33CA /* UIImageView+WebCache.m */ = {isa = PBXFileReference; fileEncoding = 4; lastKnownFileType = sourcecode.c.objc; path = "UIImageView+WebCache.m"; sourceTree = "<group>"; };
		A328AD201BCE0A7E005D33CA /* UIView+WebCacheOperation.h */ = {isa = PBXFileReference; fileEncoding = 4; lastKnownFileType = sourcecode.c.h; path = "UIView+WebCacheOperation.h"; sourceTree = "<group>"; };
		A328AD211BCE0A7E005D33CA /* UIView+WebCacheOperation.m */ = {isa = PBXFileReference; fileEncoding = 4; lastKnownFileType = sourcecode.c.objc; path = "UIView+WebCacheOperation.m"; sourceTree = "<group>"; };
		A328AD331BCE30FC005D33CA /* ZhihuListData.h */ = {isa = PBXFileReference; fileEncoding = 4; lastKnownFileType = sourcecode.c.h; path = ZhihuListData.h; sourceTree = "<group>"; };
		A328AD341BCE30FC005D33CA /* ZhihuListData.m */ = {isa = PBXFileReference; fileEncoding = 4; lastKnownFileType = sourcecode.c.objc; path = ZhihuListData.m; sourceTree = "<group>"; };
		A328AD371BCE4E56005D33CA /* CNContentCenterTableViewCell.h */ = {isa = PBXFileReference; fileEncoding = 4; lastKnownFileType = sourcecode.c.h; path = CNContentCenterTableViewCell.h; sourceTree = "<group>"; };
		A328AD381BCE4E56005D33CA /* CNContentCenterTableViewCell.m */ = {isa = PBXFileReference; fileEncoding = 4; lastKnownFileType = sourcecode.c.objc; path = CNContentCenterTableViewCell.m; sourceTree = "<group>"; };
		A371AE551BCCE58F0052F853 /* GGBaseData.h */ = {isa = PBXFileReference; fileEncoding = 4; lastKnownFileType = sourcecode.c.h; path = GGBaseData.h; sourceTree = "<group>"; };
		A371AE561BCCE58F0052F853 /* GGBaseData.m */ = {isa = PBXFileReference; fileEncoding = 4; lastKnownFileType = sourcecode.c.objc; path = GGBaseData.m; sourceTree = "<group>"; };
		A371AE571BCCE58F0052F853 /* GGDataManager.h */ = {isa = PBXFileReference; fileEncoding = 4; lastKnownFileType = sourcecode.c.h; path = GGDataManager.h; sourceTree = "<group>"; };
		A371AE581BCCE58F0052F853 /* GGDataManager.m */ = {isa = PBXFileReference; fileEncoding = 4; lastKnownFileType = sourcecode.c.objc; path = GGDataManager.m; sourceTree = "<group>"; };
		A371AE591BCCE58F0052F853 /* GGDataRequest.h */ = {isa = PBXFileReference; fileEncoding = 4; lastKnownFileType = sourcecode.c.h; path = GGDataRequest.h; sourceTree = "<group>"; };
		A371AE5A1BCCE58F0052F853 /* GGDataRequest.m */ = {isa = PBXFileReference; fileEncoding = 4; lastKnownFileType = sourcecode.c.objc; path = GGDataRequest.m; sourceTree = "<group>"; };
		A371AE5B1BCCE58F0052F853 /* GGEngine.h */ = {isa = PBXFileReference; fileEncoding = 4; lastKnownFileType = sourcecode.c.h; path = GGEngine.h; sourceTree = "<group>"; };
		A371AE5C1BCCE58F0052F853 /* GGEngine.m */ = {isa = PBXFileReference; fileEncoding = 4; lastKnownFileType = sourcecode.c.objc; path = GGEngine.m; sourceTree = "<group>"; };
		A371AE5E1BCCE58F0052F853 /* GGJson.h */ = {isa = PBXFileReference; fileEncoding = 4; lastKnownFileType = sourcecode.c.h; path = GGJson.h; sourceTree = "<group>"; };
		A371AE5F1BCCE58F0052F853 /* GGJson.m */ = {isa = PBXFileReference; fileEncoding = 4; lastKnownFileType = sourcecode.c.objc; path = GGJson.m; sourceTree = "<group>"; };
		A371AE601BCCE58F0052F853 /* GGTask.h */ = {isa = PBXFileReference; fileEncoding = 4; lastKnownFileType = sourcecode.c.h; path = GGTask.h; sourceTree = "<group>"; };
		A371AE611BCCE58F0052F853 /* GGTask.m */ = {isa = PBXFileReference; fileEncoding = 4; lastKnownFileType = sourcecode.c.objc; path = GGTask.m; sourceTree = "<group>"; };
		A371AE631BCCE58F0052F853 /* devfs.h */ = {isa = PBXFileReference; fileEncoding = 4; lastKnownFileType = sourcecode.c.h; path = devfs.h; sourceTree = "<group>"; };
		A371AE641BCCE58F0052F853 /* devfs.m */ = {isa = PBXFileReference; fileEncoding = 4; lastKnownFileType = sourcecode.c.objc; path = devfs.m; sourceTree = "<group>"; };
		A371AE671BCCE58F0052F853 /* AFHTTPRequestOperation.h */ = {isa = PBXFileReference; fileEncoding = 4; lastKnownFileType = sourcecode.c.h; path = AFHTTPRequestOperation.h; sourceTree = "<group>"; };
		A371AE681BCCE58F0052F853 /* AFHTTPRequestOperation.m */ = {isa = PBXFileReference; fileEncoding = 4; lastKnownFileType = sourcecode.c.objc; path = AFHTTPRequestOperation.m; sourceTree = "<group>"; };
		A371AE691BCCE58F0052F853 /* AFHTTPRequestOperationManager.h */ = {isa = PBXFileReference; fileEncoding = 4; lastKnownFileType = sourcecode.c.h; path = AFHTTPRequestOperationManager.h; sourceTree = "<group>"; };
		A371AE6A1BCCE58F0052F853 /* AFHTTPRequestOperationManager.m */ = {isa = PBXFileReference; fileEncoding = 4; lastKnownFileType = sourcecode.c.objc; path = AFHTTPRequestOperationManager.m; sourceTree = "<group>"; };
		A371AE6B1BCCE58F0052F853 /* AFHTTPSessionManager.h */ = {isa = PBXFileReference; fileEncoding = 4; lastKnownFileType = sourcecode.c.h; path = AFHTTPSessionManager.h; sourceTree = "<group>"; };
		A371AE6C1BCCE58F0052F853 /* AFHTTPSessionManager.m */ = {isa = PBXFileReference; fileEncoding = 4; lastKnownFileType = sourcecode.c.objc; path = AFHTTPSessionManager.m; sourceTree = "<group>"; };
		A371AE6D1BCCE58F0052F853 /* AFNetworking.h */ = {isa = PBXFileReference; fileEncoding = 4; lastKnownFileType = sourcecode.c.h; path = AFNetworking.h; sourceTree = "<group>"; };
		A371AE6E1BCCE58F0052F853 /* AFNetworkReachabilityManager.h */ = {isa = PBXFileReference; fileEncoding = 4; lastKnownFileType = sourcecode.c.h; path = AFNetworkReachabilityManager.h; sourceTree = "<group>"; };
		A371AE6F1BCCE58F0052F853 /* AFNetworkReachabilityManager.m */ = {isa = PBXFileReference; fileEncoding = 4; lastKnownFileType = sourcecode.c.objc; path = AFNetworkReachabilityManager.m; sourceTree = "<group>"; };
		A371AE701BCCE58F0052F853 /* AFSecurityPolicy.h */ = {isa = PBXFileReference; fileEncoding = 4; lastKnownFileType = sourcecode.c.h; path = AFSecurityPolicy.h; sourceTree = "<group>"; };
		A371AE711BCCE58F0052F853 /* AFSecurityPolicy.m */ = {isa = PBXFileReference; fileEncoding = 4; lastKnownFileType = sourcecode.c.objc; path = AFSecurityPolicy.m; sourceTree = "<group>"; };
		A371AE721BCCE58F0052F853 /* AFURLConnectionOperation.h */ = {isa = PBXFileReference; fileEncoding = 4; lastKnownFileType = sourcecode.c.h; path = AFURLConnectionOperation.h; sourceTree = "<group>"; };
		A371AE731BCCE58F0052F853 /* AFURLConnectionOperation.m */ = {isa = PBXFileReference; fileEncoding = 4; lastKnownFileType = sourcecode.c.objc; path = AFURLConnectionOperation.m; sourceTree = "<group>"; };
		A371AE741BCCE58F0052F853 /* AFURLRequestSerialization.h */ = {isa = PBXFileReference; fileEncoding = 4; lastKnownFileType = sourcecode.c.h; path = AFURLRequestSerialization.h; sourceTree = "<group>"; };
		A371AE751BCCE58F0052F853 /* AFURLRequestSerialization.m */ = {isa = PBXFileReference; fileEncoding = 4; lastKnownFileType = sourcecode.c.objc; path = AFURLRequestSerialization.m; sourceTree = "<group>"; };
		A371AE761BCCE58F0052F853 /* AFURLResponseSerialization.h */ = {isa = PBXFileReference; fileEncoding = 4; lastKnownFileType = sourcecode.c.h; path = AFURLResponseSerialization.h; sourceTree = "<group>"; };
		A371AE771BCCE58F0052F853 /* AFURLResponseSerialization.m */ = {isa = PBXFileReference; fileEncoding = 4; lastKnownFileType = sourcecode.c.objc; path = AFURLResponseSerialization.m; sourceTree = "<group>"; };
		A371AE781BCCE58F0052F853 /* AFURLSessionManager.h */ = {isa = PBXFileReference; fileEncoding = 4; lastKnownFileType = sourcecode.c.h; path = AFURLSessionManager.h; sourceTree = "<group>"; };
		A371AE791BCCE58F0052F853 /* AFURLSessionManager.m */ = {isa = PBXFileReference; fileEncoding = 4; lastKnownFileType = sourcecode.c.objc; path = AFURLSessionManager.m; sourceTree = "<group>"; };
		A371AE901BCCE6280052F853 /* CNHomeViewController.h */ = {isa = PBXFileReference; fileEncoding = 4; lastKnownFileType = sourcecode.c.h; path = CNHomeViewController.h; sourceTree = "<group>"; };
		A371AE911BCCE6280052F853 /* CNHomeViewController.m */ = {isa = PBXFileReference; fileEncoding = 4; lastKnownFileType = sourcecode.c.objc; path = CNHomeViewController.m; sourceTree = "<group>"; };
		A371AE941BCCE7580052F853 /* CNWelcomeViewController.h */ = {isa = PBXFileReference; fileEncoding = 4; lastKnownFileType = sourcecode.c.h; path = CNWelcomeViewController.h; sourceTree = "<group>"; };
		A371AE951BCCE7580052F853 /* CNWelcomeViewController.m */ = {isa = PBXFileReference; fileEncoding = 4; lastKnownFileType = sourcecode.c.objc; path = CNWelcomeViewController.m; sourceTree = "<group>"; };
		A371AE9A1BCCEDE50052F853 /* UIColor+GGColor.h */ = {isa = PBXFileReference; fileEncoding = 4; lastKnownFileType = sourcecode.c.h; path = "UIColor+GGColor.h"; sourceTree = "<group>"; };
		A371AE9B1BCCEDE50052F853 /* UIColor+GGColor.m */ = {isa = PBXFileReference; fileEncoding = 4; lastKnownFileType = sourcecode.c.objc; path = "UIColor+GGColor.m"; sourceTree = "<group>"; };
		A371AE9E1BCCF7730052F853 /* CNUserManager.h */ = {isa = PBXFileReference; fileEncoding = 4; lastKnownFileType = sourcecode.c.h; path = CNUserManager.h; sourceTree = "<group>"; };
		A371AE9F1BCCF7730052F853 /* CNUserManager.m */ = {isa = PBXFileReference; fileEncoding = 4; lastKnownFileType = sourcecode.c.objc; path = CNUserManager.m; sourceTree = "<group>"; };
		A371AEA41BCD0DEA0052F853 /* JASidePanelController.h */ = {isa = PBXFileReference; fileEncoding = 4; lastKnownFileType = sourcecode.c.h; path = JASidePanelController.h; sourceTree = "<group>"; };
		A371AEA51BCD0DEA0052F853 /* JASidePanelController.m */ = {isa = PBXFileReference; fileEncoding = 4; lastKnownFileType = sourcecode.c.objc; path = JASidePanelController.m; sourceTree = "<group>"; };
		A371AEA61BCD0DEA0052F853 /* UIViewController+JASidePanel.h */ = {isa = PBXFileReference; fileEncoding = 4; lastKnownFileType = sourcecode.c.h; path = "UIViewController+JASidePanel.h"; sourceTree = "<group>"; };
		A371AEA71BCD0DEA0052F853 /* UIViewController+JASidePanel.m */ = {isa = PBXFileReference; fileEncoding = 4; lastKnownFileType = sourcecode.c.objc; path = "UIViewController+JASidePanel.m"; sourceTree = "<group>"; };
		A371AEAC1BCD11540052F853 /* CNUserCenterViewController.h */ = {isa = PBXFileReference; fileEncoding = 4; lastKnownFileType = sourcecode.c.h; path = CNUserCenterViewController.h; sourceTree = "<group>"; };
		A371AEAD1BCD11540052F853 /* CNUserCenterViewController.m */ = {isa = PBXFileReference; fileEncoding = 4; lastKnownFileType = sourcecode.c.objc; path = CNUserCenterViewController.m; sourceTree = "<group>"; };
		A371AEAF1BCD11620052F853 /* CNContentCenterViewController.h */ = {isa = PBXFileReference; fileEncoding = 4; lastKnownFileType = sourcecode.c.h; path = CNContentCenterViewController.h; sourceTree = "<group>"; };
		A371AEB01BCD11620052F853 /* CNContentCenterViewController.m */ = {isa = PBXFileReference; fileEncoding = 4; lastKnownFileType = sourcecode.c.objc; path = CNContentCenterViewController.m; sourceTree = "<group>"; };
		A371AEB31BCD15B20052F853 /* CNHomePageCollectionViewCell.h */ = {isa = PBXFileReference; fileEncoding = 4; lastKnownFileType = sourcecode.c.h; path = CNHomePageCollectionViewCell.h; sourceTree = "<group>"; };
		A371AEB41BCD15B20052F853 /* CNHomePageCollectionViewCell.m */ = {isa = PBXFileReference; fileEncoding = 4; lastKnownFileType = sourcecode.c.objc; path = CNHomePageCollectionViewCell.m; sourceTree = "<group>"; };
		A3A482D51BCBB48300F1D3F7 /* TodayRead.app */ = {isa = PBXFileReference; explicitFileType = wrapper.application; includeInIndex = 0; path = TodayRead.app; sourceTree = BUILT_PRODUCTS_DIR; };
		A3A482D91BCBB48300F1D3F7 /* main.m */ = {isa = PBXFileReference; lastKnownFileType = sourcecode.c.objc; path = main.m; sourceTree = "<group>"; };
		A3A482DB1BCBB48300F1D3F7 /* AppDelegate.h */ = {isa = PBXFileReference; lastKnownFileType = sourcecode.c.h; path = AppDelegate.h; sourceTree = "<group>"; };
		A3A482DC1BCBB48300F1D3F7 /* AppDelegate.m */ = {isa = PBXFileReference; lastKnownFileType = sourcecode.c.objc; path = AppDelegate.m; sourceTree = "<group>"; };
		A3A482E21BCBB48300F1D3F7 /* Base */ = {isa = PBXFileReference; lastKnownFileType = file.storyboard; name = Base; path = Base.lproj/Main.storyboard; sourceTree = "<group>"; };
		A3A482E41BCBB48300F1D3F7 /* Assets.xcassets */ = {isa = PBXFileReference; lastKnownFileType = folder.assetcatalog; path = Assets.xcassets; sourceTree = "<group>"; };
		A3A482E71BCBB48300F1D3F7 /* Base */ = {isa = PBXFileReference; lastKnownFileType = file.storyboard; name = Base; path = Base.lproj/LaunchScreen.storyboard; sourceTree = "<group>"; };
		A3A482E91BCBB48300F1D3F7 /* Info.plist */ = {isa = PBXFileReference; lastKnownFileType = text.plist.xml; path = Info.plist; sourceTree = "<group>"; };
/* End PBXFileReference section */

/* Begin PBXFrameworksBuildPhase section */
		A3A482D21BCBB48300F1D3F7 /* Frameworks */ = {
			isa = PBXFrameworksBuildPhase;
			buildActionMask = 2147483647;
			files = (
			);
			runOnlyForDeploymentPostprocessing = 0;
		};
/* End PBXFrameworksBuildPhase section */

/* Begin PBXGroup section */
		A328AD001BCE0A7E005D33CA /* SDWebImage */ = {
			isa = PBXGroup;
			children = (
				A328AD011BCE0A7E005D33CA /* MKAnnotationView+WebCache.h */,
				A328AD021BCE0A7E005D33CA /* MKAnnotationView+WebCache.m */,
				A328AD031BCE0A7E005D33CA /* NSData+ImageContentType.h */,
				A328AD041BCE0A7E005D33CA /* NSData+ImageContentType.m */,
				A328AD051BCE0A7E005D33CA /* SDImageCache.h */,
				A328AD061BCE0A7E005D33CA /* SDImageCache.m */,
				A328AD071BCE0A7E005D33CA /* SDWebImageCompat.h */,
				A328AD081BCE0A7E005D33CA /* SDWebImageCompat.m */,
				A328AD091BCE0A7E005D33CA /* SDWebImageDecoder.h */,
				A328AD0A1BCE0A7E005D33CA /* SDWebImageDecoder.m */,
				A328AD0B1BCE0A7E005D33CA /* SDWebImageDownloader.h */,
				A328AD0C1BCE0A7E005D33CA /* SDWebImageDownloader.m */,
				A328AD0D1BCE0A7E005D33CA /* SDWebImageDownloaderOperation.h */,
				A328AD0E1BCE0A7E005D33CA /* SDWebImageDownloaderOperation.m */,
				A328AD0F1BCE0A7E005D33CA /* SDWebImageManager.h */,
				A328AD101BCE0A7E005D33CA /* SDWebImageManager.m */,
				A328AD111BCE0A7E005D33CA /* SDWebImageOperation.h */,
				A328AD121BCE0A7E005D33CA /* SDWebImagePrefetcher.h */,
				A328AD131BCE0A7E005D33CA /* SDWebImagePrefetcher.m */,
				A328AD141BCE0A7E005D33CA /* UIButton+WebCache.h */,
				A328AD151BCE0A7E005D33CA /* UIButton+WebCache.m */,
				A328AD161BCE0A7E005D33CA /* UIImage+GIF.h */,
				A328AD171BCE0A7E005D33CA /* UIImage+GIF.m */,
				A328AD181BCE0A7E005D33CA /* UIImage+MultiFormat.h */,
				A328AD191BCE0A7E005D33CA /* UIImage+MultiFormat.m */,
				A328AD1A1BCE0A7E005D33CA /* UIImage+WebP.h */,
				A328AD1B1BCE0A7E005D33CA /* UIImage+WebP.m */,
				A328AD1C1BCE0A7E005D33CA /* UIImageView+HighlightedWebCache.h */,
				A328AD1D1BCE0A7E005D33CA /* UIImageView+HighlightedWebCache.m */,
				A328AD1E1BCE0A7E005D33CA /* UIImageView+WebCache.h */,
				A328AD1F1BCE0A7E005D33CA /* UIImageView+WebCache.m */,
				A328AD201BCE0A7E005D33CA /* UIView+WebCacheOperation.h */,
				A328AD211BCE0A7E005D33CA /* UIView+WebCacheOperation.m */,
			);
			path = SDWebImage;
			sourceTree = "<group>";
		};
		A328AD361BCE4E39005D33CA /* ContentCenter */ = {
			isa = PBXGroup;
			children = (
				A328AD371BCE4E56005D33CA /* CNContentCenterTableViewCell.h */,
				A328AD381BCE4E56005D33CA /* CNContentCenterTableViewCell.m */,
			);
			path = ContentCenter;
			sourceTree = "<group>";
		};
		A371AE521BCCE58F0052F853 /* GGHttpEngine */ = {
			isa = PBXGroup;
			children = (
				A371AE531BCCE58F0052F853 /* GGHttpEngine */,
				A371AE651BCCE58F0052F853 /* openlib */,
			);
			path = GGHttpEngine;
			sourceTree = "<group>";
		};
		A371AE531BCCE58F0052F853 /* GGHttpEngine */ = {
			isa = PBXGroup;
			children = (
				A371AE541BCCE58F0052F853 /* BaseData */,
				A371AE591BCCE58F0052F853 /* GGDataRequest.h */,
				A371AE5A1BCCE58F0052F853 /* GGDataRequest.m */,
				A371AE5B1BCCE58F0052F853 /* GGEngine.h */,
				A371AE5C1BCCE58F0052F853 /* GGEngine.m */,
				A371AE5D1BCCE58F0052F853 /* GGJson */,
				A371AE601BCCE58F0052F853 /* GGTask.h */,
				A371AE611BCCE58F0052F853 /* GGTask.m */,
				A371AE621BCCE58F0052F853 /* Utils */,
			);
			path = GGHttpEngine;
			sourceTree = "<group>";
		};
		A371AE541BCCE58F0052F853 /* BaseData */ = {
			isa = PBXGroup;
			children = (
				A371AE551BCCE58F0052F853 /* GGBaseData.h */,
				A371AE561BCCE58F0052F853 /* GGBaseData.m */,
				A371AE571BCCE58F0052F853 /* GGDataManager.h */,
				A371AE581BCCE58F0052F853 /* GGDataManager.m */,
			);
			path = BaseData;
			sourceTree = "<group>";
		};
		A371AE5D1BCCE58F0052F853 /* GGJson */ = {
			isa = PBXGroup;
			children = (
				A371AE5E1BCCE58F0052F853 /* GGJson.h */,
				A371AE5F1BCCE58F0052F853 /* GGJson.m */,
			);
			path = GGJson;
			sourceTree = "<group>";
		};
		A371AE621BCCE58F0052F853 /* Utils */ = {
			isa = PBXGroup;
			children = (
				A371AE631BCCE58F0052F853 /* devfs.h */,
				A371AE641BCCE58F0052F853 /* devfs.m */,
			);
			path = Utils;
			sourceTree = "<group>";
		};
		A371AE651BCCE58F0052F853 /* openlib */ = {
			isa = PBXGroup;
			children = (
				A371AE661BCCE58F0052F853 /* AFNetworking */,
			);
			path = openlib;
			sourceTree = "<group>";
		};
		A371AE661BCCE58F0052F853 /* AFNetworking */ = {
			isa = PBXGroup;
			children = (
				A371AE671BCCE58F0052F853 /* AFHTTPRequestOperation.h */,
				A371AE681BCCE58F0052F853 /* AFHTTPRequestOperation.m */,
				A371AE691BCCE58F0052F853 /* AFHTTPRequestOperationManager.h */,
				A371AE6A1BCCE58F0052F853 /* AFHTTPRequestOperationManager.m */,
				A371AE6B1BCCE58F0052F853 /* AFHTTPSessionManager.h */,
				A371AE6C1BCCE58F0052F853 /* AFHTTPSessionManager.m */,
				A371AE6D1BCCE58F0052F853 /* AFNetworking.h */,
				A371AE6E1BCCE58F0052F853 /* AFNetworkReachabilityManager.h */,
				A371AE6F1BCCE58F0052F853 /* AFNetworkReachabilityManager.m */,
				A371AE701BCCE58F0052F853 /* AFSecurityPolicy.h */,
				A371AE711BCCE58F0052F853 /* AFSecurityPolicy.m */,
				A371AE721BCCE58F0052F853 /* AFURLConnectionOperation.h */,
				A371AE731BCCE58F0052F853 /* AFURLConnectionOperation.m */,
				A371AE741BCCE58F0052F853 /* AFURLRequestSerialization.h */,
				A371AE751BCCE58F0052F853 /* AFURLRequestSerialization.m */,
				A371AE761BCCE58F0052F853 /* AFURLResponseSerialization.h */,
				A371AE771BCCE58F0052F853 /* AFURLResponseSerialization.m */,
				A371AE781BCCE58F0052F853 /* AFURLSessionManager.h */,
				A371AE791BCCE58F0052F853 /* AFURLSessionManager.m */,
			);
			path = AFNetworking;
			sourceTree = "<group>";
		};
		A371AE8A1BCCE5F60052F853 /* Model */ = {
			isa = PBXGroup;
			children = (
				A371AE8B1BCCE5F60052F853 /* BaseData */,
			);
			path = Model;
			sourceTree = "<group>";
		};
		A371AE8B1BCCE5F60052F853 /* BaseData */ = {
			isa = PBXGroup;
			children = (
				A328AD331BCE30FC005D33CA /* ZhihuListData.h */,
				A328AD341BCE30FC005D33CA /* ZhihuListData.m */,
			);
			path = BaseData;
			sourceTree = "<group>";
		};
		A371AE8C1BCCE5F60052F853 /* UI */ = {
			isa = PBXGroup;
			children = (
				A371AE8D1BCCE5F60052F853 /* Cell */,
				A371AE8E1BCCE5F60052F853 /* Controller */,
				A371AE8F1BCCE5F60052F853 /* View */,
			);
			path = UI;
			sourceTree = "<group>";
		};
		A371AE8D1BCCE5F60052F853 /* Cell */ = {
			isa = PBXGroup;
			children = (
				A328AD361BCE4E39005D33CA /* ContentCenter */,
				A371AEB21BCD15850052F853 /* HomePage */,
			);
			path = Cell;
			sourceTree = "<group>";
		};
		A371AE8E1BCCE5F60052F853 /* Controller */ = {
			isa = PBXGroup;
			children = (
				A371AEAA1BCD113C0052F853 /* ContentCenter */,
				A371AEAB1BCD113C0052F853 /* UserCenter */,
				A371AE931BCCE6570052F853 /* Welcome */,
				A371AE901BCCE6280052F853 /* CNHomeViewController.h */,
				A371AE911BCCE6280052F853 /* CNHomeViewController.m */,
			);
			path = Controller;
			sourceTree = "<group>";
		};
		A371AE8F1BCCE5F60052F853 /* View */ = {
			isa = PBXGroup;
			children = (
			);
			path = View;
			sourceTree = "<group>";
		};
		A371AE931BCCE6570052F853 /* Welcome */ = {
			isa = PBXGroup;
			children = (
				A371AE941BCCE7580052F853 /* CNWelcomeViewController.h */,
				A371AE951BCCE7580052F853 /* CNWelcomeViewController.m */,
			);
			path = Welcome;
			sourceTree = "<group>";
		};
		A371AE981BCCEDE50052F853 /* GGLib */ = {
			isa = PBXGroup;
			children = (
				A371AE991BCCEDE50052F853 /* Color */,
			);
			path = GGLib;
			sourceTree = "<group>";
		};
		A371AE991BCCEDE50052F853 /* Color */ = {
			isa = PBXGroup;
			children = (
				A371AE9A1BCCEDE50052F853 /* UIColor+GGColor.h */,
				A371AE9B1BCCEDE50052F853 /* UIColor+GGColor.m */,
			);
			path = Color;
			sourceTree = "<group>";
		};
		A371AE9D1BCCF7580052F853 /* Manager */ = {
			isa = PBXGroup;
			children = (
				A371AE9E1BCCF7730052F853 /* CNUserManager.h */,
				A371AE9F1BCCF7730052F853 /* CNUserManager.m */,
			);
			path = Manager;
			sourceTree = "<group>";
		};
		A371AEA31BCD0DEA0052F853 /* JASidePanels */ = {
			isa = PBXGroup;
			children = (
				A371AEA41BCD0DEA0052F853 /* JASidePanelController.h */,
				A371AEA51BCD0DEA0052F853 /* JASidePanelController.m */,
				A371AEA61BCD0DEA0052F853 /* UIViewController+JASidePanel.h */,
				A371AEA71BCD0DEA0052F853 /* UIViewController+JASidePanel.m */,
			);
			path = JASidePanels;
			sourceTree = "<group>";
		};
		A371AEAA1BCD113C0052F853 /* ContentCenter */ = {
			isa = PBXGroup;
			children = (
				A371AEAF1BCD11620052F853 /* CNContentCenterViewController.h */,
				A371AEB01BCD11620052F853 /* CNContentCenterViewController.m */,
			);
			path = ContentCenter;
			sourceTree = "<group>";
		};
		A371AEAB1BCD113C0052F853 /* UserCenter */ = {
			isa = PBXGroup;
			children = (
				A371AEAC1BCD11540052F853 /* CNUserCenterViewController.h */,
				A371AEAD1BCD11540052F853 /* CNUserCenterViewController.m */,
			);
			path = UserCenter;
			sourceTree = "<group>";
		};
		A371AEB21BCD15850052F853 /* HomePage */ = {
			isa = PBXGroup;
			children = (
				A371AEB31BCD15B20052F853 /* CNHomePageCollectionViewCell.h */,
				A371AEB41BCD15B20052F853 /* CNHomePageCollectionViewCell.m */,
			);
			path = HomePage;
			sourceTree = "<group>";
		};
		A3A482CC1BCBB48300F1D3F7 = {
			isa = PBXGroup;
			children = (
				A328AD001BCE0A7E005D33CA /* SDWebImage */,
				A371AEA31BCD0DEA0052F853 /* JASidePanels */,
				A371AE981BCCEDE50052F853 /* GGLib */,
				A371AE521BCCE58F0052F853 /* GGHttpEngine */,
				A3A482D71BCBB48300F1D3F7 /* TodayRead */,
				A3A482D61BCBB48300F1D3F7 /* Products */,
			);
			sourceTree = "<group>";
		};
		A3A482D61BCBB48300F1D3F7 /* Products */ = {
			isa = PBXGroup;
			children = (
				A3A482D51BCBB48300F1D3F7 /* TodayRead.app */,
			);
			name = Products;
			sourceTree = "<group>";
		};
		A3A482D71BCBB48300F1D3F7 /* TodayRead */ = {
			isa = PBXGroup;
			children = (
				A371AE9D1BCCF7580052F853 /* Manager */,
				A371AE8A1BCCE5F60052F853 /* Model */,
				A371AE8C1BCCE5F60052F853 /* UI */,
				A3A482DB1BCBB48300F1D3F7 /* AppDelegate.h */,
				A3A482DC1BCBB48300F1D3F7 /* AppDelegate.m */,
				A3A482E11BCBB48300F1D3F7 /* Main.storyboard */,
				A3A482E41BCBB48300F1D3F7 /* Assets.xcassets */,
				A3A482E61BCBB48300F1D3F7 /* LaunchScreen.storyboard */,
				A3A482E91BCBB48300F1D3F7 /* Info.plist */,
				A3A482D81BCBB48300F1D3F7 /* Supporting Files */,
			);
			path = TodayRead;
			sourceTree = "<group>";
		};
		A3A482D81BCBB48300F1D3F7 /* Supporting Files */ = {
			isa = PBXGroup;
			children = (
				A3A482D91BCBB48300F1D3F7 /* main.m */,
			);
			name = "Supporting Files";
			sourceTree = "<group>";
		};
/* End PBXGroup section */

/* Begin PBXNativeTarget section */
		A3A482D41BCBB48300F1D3F7 /* TodayRead */ = {
			isa = PBXNativeTarget;
			buildConfigurationList = A3A482EC1BCBB48300F1D3F7 /* Build configuration list for PBXNativeTarget "TodayRead" */;
			buildPhases = (
				A3A482D11BCBB48300F1D3F7 /* Sources */,
				A3A482D21BCBB48300F1D3F7 /* Frameworks */,
				A3A482D31BCBB48300F1D3F7 /* Resources */,
			);
			buildRules = (
			);
			dependencies = (
			);
			name = TodayRead;
			productName = TodayRead;
			productReference = A3A482D51BCBB48300F1D3F7 /* TodayRead.app */;
			productType = "com.apple.product-type.application";
		};
/* End PBXNativeTarget section */

/* Begin PBXProject section */
		A3A482CD1BCBB48300F1D3F7 /* Project object */ = {
			isa = PBXProject;
			attributes = {
				LastUpgradeCheck = 0700;
				ORGANIZATIONNAME = cn;
				TargetAttributes = {
					A3A482D41BCBB48300F1D3F7 = {
						CreatedOnToolsVersion = 7.0.1;
					};
				};
			};
			buildConfigurationList = A3A482D01BCBB48300F1D3F7 /* Build configuration list for PBXProject "TodayRead" */;
			compatibilityVersion = "Xcode 3.2";
			developmentRegion = English;
			hasScannedForEncodings = 0;
			knownRegions = (
				en,
				Base,
			);
			mainGroup = A3A482CC1BCBB48300F1D3F7;
			productRefGroup = A3A482D61BCBB48300F1D3F7 /* Products */;
			projectDirPath = "";
			projectRoot = "";
			targets = (
				A3A482D41BCBB48300F1D3F7 /* TodayRead */,
			);
		};
/* End PBXProject section */

/* Begin PBXResourcesBuildPhase section */
		A3A482D31BCBB48300F1D3F7 /* Resources */ = {
			isa = PBXResourcesBuildPhase;
			buildActionMask = 2147483647;
			files = (
				A3A482E81BCBB48300F1D3F7 /* LaunchScreen.storyboard in Resources */,
				A3A482E51BCBB48300F1D3F7 /* Assets.xcassets in Resources */,
				A3A482E31BCBB48300F1D3F7 /* Main.storyboard in Resources */,
			);
			runOnlyForDeploymentPostprocessing = 0;
		};
/* End PBXResourcesBuildPhase section */

/* Begin PBXSourcesBuildPhase section */
		A3A482D11BCBB48300F1D3F7 /* Sources */ = {
			isa = PBXSourcesBuildPhase;
			buildActionMask = 2147483647;
			files = (
				A328AD311BCE0A7E005D33CA /* UIView+WebCacheOperation.m in Sources */,
				A371AE851BCCE58F0052F853 /* AFSecurityPolicy.m in Sources */,
				A371AE7A1BCCE58F0052F853 /* GGBaseData.m in Sources */,
				A371AEB51BCD15B20052F853 /* CNHomePageCollectionViewCell.m in Sources */,
				A371AE9C1BCCEDE50052F853 /* UIColor+GGColor.m in Sources */,
				A371AE841BCCE58F0052F853 /* AFNetworkReachabilityManager.m in Sources */,
				A371AE7D1BCCE58F0052F853 /* GGEngine.m in Sources */,
				A371AE861BCCE58F0052F853 /* AFURLConnectionOperation.m in Sources */,
				A371AE811BCCE58F0052F853 /* AFHTTPRequestOperation.m in Sources */,
				A328AD281BCE0A7E005D33CA /* SDWebImageDownloaderOperation.m in Sources */,
				A328AD2A1BCE0A7E005D33CA /* SDWebImagePrefetcher.m in Sources */,
				A371AE831BCCE58F0052F853 /* AFHTTPSessionManager.m in Sources */,
				A328AD351BCE30FC005D33CA /* ZhihuListData.m in Sources */,
				A371AE921BCCE6280052F853 /* CNHomeViewController.m in Sources */,
				A371AEA91BCD0DEA0052F853 /* UIViewController+JASidePanel.m in Sources */,
				A328AD2D1BCE0A7E005D33CA /* UIImage+MultiFormat.m in Sources */,
				A371AEB11BCD11620052F853 /* CNContentCenterViewController.m in Sources */,
				A371AEA81BCD0DEA0052F853 /* JASidePanelController.m in Sources */,
				A328AD2B1BCE0A7E005D33CA /* UIButton+WebCache.m in Sources */,
				A328AD2C1BCE0A7E005D33CA /* UIImage+GIF.m in Sources */,
				A371AEA01BCCF7730052F853 /* CNUserManager.m in Sources */,
				A371AE871BCCE58F0052F853 /* AFURLRequestSerialization.m in Sources */,
				A371AEAE1BCD11540052F853 /* CNUserCenterViewController.m in Sources */,
				A371AE7B1BCCE58F0052F853 /* GGDataManager.m in Sources */,
				A371AE891BCCE58F0052F853 /* AFURLSessionManager.m in Sources */,
				A371AE801BCCE58F0052F853 /* devfs.m in Sources */,
				A328AD241BCE0A7E005D33CA /* SDImageCache.m in Sources */,
				A371AE961BCCE7580052F853 /* CNWelcomeViewController.m in Sources */,
				A328AD291BCE0A7E005D33CA /* SDWebImageManager.m in Sources */,
				A328AD2E1BCE0A7E005D33CA /* UIImage+WebP.m in Sources */,
				A371AE821BCCE58F0052F853 /* AFHTTPRequestOperationManager.m in Sources */,
				A328AD391BCE4E56005D33CA /* CNContentCenterTableViewCell.m in Sources */,
				A371AE7C1BCCE58F0052F853 /* GGDataRequest.m in Sources */,
				A371AE881BCCE58F0052F853 /* AFURLResponseSerialization.m in Sources */,
				A371AE7F1BCCE58F0052F853 /* GGTask.m in Sources */,
				A328AD301BCE0A7E005D33CA /* UIImageView+WebCache.m in Sources */,
				A328AD271BCE0A7E005D33CA /* SDWebImageDownloader.m in Sources */,
				A371AE7E1BCCE58F0052F853 /* GGJson.m in Sources */,
				A328AD221BCE0A7E005D33CA /* MKAnnotationView+WebCache.m in Sources */,
				A3A482DD1BCBB48300F1D3F7 /* AppDelegate.m in Sources */,
				A328AD261BCE0A7E005D33CA /* SDWebImageDecoder.m in Sources */,
				A328AD251BCE0A7E005D33CA /* SDWebImageCompat.m in Sources */,
				A328AD2F1BCE0A7E005D33CA /* UIImageView+HighlightedWebCache.m in Sources */,
				A328AD231BCE0A7E005D33CA /* NSData+ImageContentType.m in Sources */,
				A3A482DA1BCBB48300F1D3F7 /* main.m in Sources */,
			);
			runOnlyForDeploymentPostprocessing = 0;
		};
/* End PBXSourcesBuildPhase section */

/* Begin PBXVariantGroup section */
		A3A482E11BCBB48300F1D3F7 /* Main.storyboard */ = {
			isa = PBXVariantGroup;
			children = (
				A3A482E21BCBB48300F1D3F7 /* Base */,
			);
			name = Main.storyboard;
			sourceTree = "<group>";
		};
		A3A482E61BCBB48300F1D3F7 /* LaunchScreen.storyboard */ = {
			isa = PBXVariantGroup;
			children = (
				A3A482E71BCBB48300F1D3F7 /* Base */,
			);
			name = LaunchScreen.storyboard;
			sourceTree = "<group>";
		};
/* End PBXVariantGroup section */

/* Begin XCBuildConfiguration section */
		A3A482EA1BCBB48300F1D3F7 /* Debug */ = {
			isa = XCBuildConfiguration;
			buildSettings = {
				ALWAYS_SEARCH_USER_PATHS = NO;
				CLANG_CXX_LANGUAGE_STANDARD = "gnu++0x";
				CLANG_CXX_LIBRARY = "libc++";
				CLANG_ENABLE_MODULES = YES;
				CLANG_ENABLE_OBJC_ARC = YES;
				CLANG_WARN_BOOL_CONVERSION = YES;
				CLANG_WARN_CONSTANT_CONVERSION = YES;
				CLANG_WARN_DIRECT_OBJC_ISA_USAGE = YES_ERROR;
				CLANG_WARN_EMPTY_BODY = YES;
				CLANG_WARN_ENUM_CONVERSION = YES;
				CLANG_WARN_INT_CONVERSION = YES;
				CLANG_WARN_OBJC_ROOT_CLASS = YES_ERROR;
				CLANG_WARN_UNREACHABLE_CODE = YES;
				CLANG_WARN__DUPLICATE_METHOD_MATCH = YES;
				"CODE_SIGN_IDENTITY[sdk=iphoneos*]" = "iPhone Developer";
				COPY_PHASE_STRIP = NO;
				DEBUG_INFORMATION_FORMAT = dwarf;
				ENABLE_STRICT_OBJC_MSGSEND = YES;
				ENABLE_TESTABILITY = YES;
				GCC_C_LANGUAGE_STANDARD = gnu99;
				GCC_DYNAMIC_NO_PIC = NO;
				GCC_NO_COMMON_BLOCKS = YES;
				GCC_OPTIMIZATION_LEVEL = 0;
				GCC_PREPROCESSOR_DEFINITIONS = (
					"DEBUG=1",
					"$(inherited)",
				);
				GCC_WARN_64_TO_32_BIT_CONVERSION = YES;
				GCC_WARN_ABOUT_RETURN_TYPE = YES_ERROR;
				GCC_WARN_UNDECLARED_SELECTOR = YES;
				GCC_WARN_UNINITIALIZED_AUTOS = YES_AGGRESSIVE;
				GCC_WARN_UNUSED_FUNCTION = YES;
				GCC_WARN_UNUSED_VARIABLE = YES;
				IPHONEOS_DEPLOYMENT_TARGET = 9.0;
				MTL_ENABLE_DEBUG_INFO = YES;
				ONLY_ACTIVE_ARCH = YES;
				SDKROOT = iphoneos;
			};
			name = Debug;
		};
		A3A482EB1BCBB48300F1D3F7 /* Release */ = {
			isa = XCBuildConfiguration;
			buildSettings = {
				ALWAYS_SEARCH_USER_PATHS = NO;
				CLANG_CXX_LANGUAGE_STANDARD = "gnu++0x";
				CLANG_CXX_LIBRARY = "libc++";
				CLANG_ENABLE_MODULES = YES;
				CLANG_ENABLE_OBJC_ARC = YES;
				CLANG_WARN_BOOL_CONVERSION = YES;
				CLANG_WARN_CONSTANT_CONVERSION = YES;
				CLANG_WARN_DIRECT_OBJC_ISA_USAGE = YES_ERROR;
				CLANG_WARN_EMPTY_BODY = YES;
				CLANG_WARN_ENUM_CONVERSION = YES;
				CLANG_WARN_INT_CONVERSION = YES;
				CLANG_WARN_OBJC_ROOT_CLASS = YES_ERROR;
				CLANG_WARN_UNREACHABLE_CODE = YES;
				CLANG_WARN__DUPLICATE_METHOD_MATCH = YES;
				"CODE_SIGN_IDENTITY[sdk=iphoneos*]" = "iPhone Developer";
				COPY_PHASE_STRIP = NO;
				DEBUG_INFORMATION_FORMAT = "dwarf-with-dsym";
				ENABLE_NS_ASSERTIONS = NO;
				ENABLE_STRICT_OBJC_MSGSEND = YES;
				GCC_C_LANGUAGE_STANDARD = gnu99;
				GCC_NO_COMMON_BLOCKS = YES;
				GCC_WARN_64_TO_32_BIT_CONVERSION = YES;
				GCC_WARN_ABOUT_RETURN_TYPE = YES_ERROR;
				GCC_WARN_UNDECLARED_SELECTOR = YES;
				GCC_WARN_UNINITIALIZED_AUTOS = YES_AGGRESSIVE;
				GCC_WARN_UNUSED_FUNCTION = YES;
				GCC_WARN_UNUSED_VARIABLE = YES;
				IPHONEOS_DEPLOYMENT_TARGET = 9.0;
				MTL_ENABLE_DEBUG_INFO = NO;
				SDKROOT = iphoneos;
				VALIDATE_PRODUCT = YES;
			};
			name = Release;
		};
		A3A482ED1BCBB48300F1D3F7 /* Debug */ = {
			isa = XCBuildConfiguration;
			buildSettings = {
				ASSETCATALOG_COMPILER_APPICON_NAME = AppIcon;
				INFOPLIST_FILE = TodayRead/Info.plist;
				LD_RUNPATH_SEARCH_PATHS = "$(inherited) @executable_path/Frameworks";
				PRODUCT_BUNDLE_IDENTIFIER = com.taurus.today.TodayRead;
				PRODUCT_NAME = "$(TARGET_NAME)";
			};
			name = Debug;
		};
		A3A482EE1BCBB48300F1D3F7 /* Release */ = {
			isa = XCBuildConfiguration;
			buildSettings = {
				ASSETCATALOG_COMPILER_APPICON_NAME = AppIcon;
				INFOPLIST_FILE = TodayRead/Info.plist;
				LD_RUNPATH_SEARCH_PATHS = "$(inherited) @executable_path/Frameworks";
				PRODUCT_BUNDLE_IDENTIFIER = com.taurus.today.TodayRead;
				PRODUCT_NAME = "$(TARGET_NAME)";
			};
			name = Release;
		};
/* End XCBuildConfiguration section */

/* Begin XCConfigurationList section */
		A3A482D01BCBB48300F1D3F7 /* Build configuration list for PBXProject "TodayRead" */ = {
			isa = XCConfigurationList;
			buildConfigurations = (
				A3A482EA1BCBB48300F1D3F7 /* Debug */,
				A3A482EB1BCBB48300F1D3F7 /* Release */,
			);
			defaultConfigurationIsVisible = 0;
			defaultConfigurationName = Release;
		};
		A3A482EC1BCBB48300F1D3F7 /* Build configuration list for PBXNativeTarget "TodayRead" */ = {
			isa = XCConfigurationList;
			buildConfigurations = (
				A3A482ED1BCBB48300F1D3F7 /* Debug */,
				A3A482EE1BCBB48300F1D3F7 /* Release */,
			);
			defaultConfigurationIsVisible = 0;
			defaultConfigurationName = Release;
		};
/* End XCConfigurationList section */
	};
	rootObject = A3A482CD1BCBB48300F1D3F7 /* Project object */;
}
